// !$*UTF8*$!
{
	archiveVersion = 1;
	classes = {
	};
	objectVersion = 56;
	objects = {

/* Begin PBXBuildFile section */
		2513C54B2969DB6500985A30 /* Router.swift in Sources */ = {isa = PBXBuildFile; fileRef = 2513C54A2969DB6500985A30 /* Router.swift */; };
		2513C54F2969E6D300985A30 /* MovieDetailPresenter.swift in Sources */ = {isa = PBXBuildFile; fileRef = 2513C54E2969E6D300985A30 /* MovieDetailPresenter.swift */; };
		257E35A429672F0100E89695 /* AppDelegate.swift in Sources */ = {isa = PBXBuildFile; fileRef = 257E35A329672F0100E89695 /* AppDelegate.swift */; };
		257E35A629672F0100E89695 /* SceneDelegate.swift in Sources */ = {isa = PBXBuildFile; fileRef = 257E35A529672F0100E89695 /* SceneDelegate.swift */; };
		257E35A829672F0100E89695 /* PopularMoviesViewController.swift in Sources */ = {isa = PBXBuildFile; fileRef = 257E35A729672F0100E89695 /* PopularMoviesViewController.swift */; };
		257E35AD29672F0300E89695 /* Assets.xcassets in Resources */ = {isa = PBXBuildFile; fileRef = 257E35AC29672F0300E89695 /* Assets.xcassets */; };
		257E35B029672F0300E89695 /* LaunchScreen.storyboard in Resources */ = {isa = PBXBuildFile; fileRef = 257E35AE29672F0300E89695 /* LaunchScreen.storyboard */; };
		257E35BB29672F0300E89695 /* ApiClientTests.swift in Sources */ = {isa = PBXBuildFile; fileRef = 257E35BA29672F0300E89695 /* ApiClientTests.swift */; };
		257E35C529672F0300E89695 /* filmLibraryUITests.swift in Sources */ = {isa = PBXBuildFile; fileRef = 257E35C429672F0300E89695 /* filmLibraryUITests.swift */; };
		257E35C729672F0300E89695 /* filmLibraryUITestsLaunchTests.swift in Sources */ = {isa = PBXBuildFile; fileRef = 257E35C629672F0300E89695 /* filmLibraryUITestsLaunchTests.swift */; };
		257E35D92967393B00E89695 /* ApiClient.swift in Sources */ = {isa = PBXBuildFile; fileRef = 257E35D82967393B00E89695 /* ApiClient.swift */; };
		25AA67AE29673AFA00F5989F /* Constants.swift in Sources */ = {isa = PBXBuildFile; fileRef = 25AA67AD29673AFA00F5989F /* Constants.swift */; };
		25AA67B029673EFC00F5989F /* Movie.swift in Sources */ = {isa = PBXBuildFile; fileRef = 25AA67AF29673EFC00F5989F /* Movie.swift */; };
		25AA67B229674B1400F5989F /* ServiceCoordinator.swift in Sources */ = {isa = PBXBuildFile; fileRef = 25AA67B129674B1400F5989F /* ServiceCoordinator.swift */; };
		25AA67B429674BCA00F5989F /* PopularMoviesPresenter.swift in Sources */ = {isa = PBXBuildFile; fileRef = 25AA67B329674BCA00F5989F /* PopularMoviesPresenter.swift */; };
		25AA67B72967724B00F5989F /* MovieCollectionViewCell.swift in Sources */ = {isa = PBXBuildFile; fileRef = 25AA67B52967724B00F5989F /* MovieCollectionViewCell.swift */; };
		25AA67B82967724B00F5989F /* MovieCollectionViewCell.xib in Resources */ = {isa = PBXBuildFile; fileRef = 25AA67B62967724B00F5989F /* MovieCollectionViewCell.xib */; };
		25AA67BC2967825A00F5989F /* MovieDetailViewController.swift in Sources */ = {isa = PBXBuildFile; fileRef = 25AA67BB2967825A00F5989F /* MovieDetailViewController.swift */; };
		25BA22FF2969ECC300B1671A /* ImageView.swift in Sources */ = {isa = PBXBuildFile; fileRef = 25BA22FE2969ECC300B1671A /* ImageView.swift */; };
		25BA23012969ECEE00B1671A /* CollectionView.swift in Sources */ = {isa = PBXBuildFile; fileRef = 25BA23002969ECEE00B1671A /* CollectionView.swift */; };
		25BA2305296A08D300B1671A /* ActorCollectionViewCell.swift in Sources */ = {isa = PBXBuildFile; fileRef = 25BA2303296A08D300B1671A /* ActorCollectionViewCell.swift */; };
		25BA2306296A08D300B1671A /* ActorCollectionViewCell.xib in Resources */ = {isa = PBXBuildFile; fileRef = 25BA2304296A08D300B1671A /* ActorCollectionViewCell.xib */; };
		25BA2309296A0B1C00B1671A /* Actor.swift in Sources */ = {isa = PBXBuildFile; fileRef = 25BA2308296A0B1C00B1671A /* Actor.swift */; };
		25E0C0C42969D54C00F78BA7 /* PopularMoviesPresenterTests.swift in Sources */ = {isa = PBXBuildFile; fileRef = 25E0C0C32969D54C00F78BA7 /* PopularMoviesPresenterTests.swift */; };
		25E0C0C62969D95800F78BA7 /* CellViewModel.swift in Sources */ = {isa = PBXBuildFile; fileRef = 25E0C0C52969D95800F78BA7 /* CellViewModel.swift */; };
		278CE19C278FB8C6EF652A17 /* Pods_filmLibrary.framework in Frameworks */ = {isa = PBXBuildFile; fileRef = 68F4F14C27B7E06076EEBEDA /* Pods_filmLibrary.framework */; };
/* End PBXBuildFile section */

/* Begin PBXContainerItemProxy section */
		257E35B729672F0300E89695 /* PBXContainerItemProxy */ = {
			isa = PBXContainerItemProxy;
			containerPortal = 257E359829672F0100E89695 /* Project object */;
			proxyType = 1;
			remoteGlobalIDString = 257E359F29672F0100E89695;
			remoteInfo = filmLibrary;
		};
		257E35C129672F0300E89695 /* PBXContainerItemProxy */ = {
			isa = PBXContainerItemProxy;
			containerPortal = 257E359829672F0100E89695 /* Project object */;
			proxyType = 1;
			remoteGlobalIDString = 257E359F29672F0100E89695;
			remoteInfo = filmLibrary;
		};
/* End PBXContainerItemProxy section */

/* Begin PBXFileReference section */
		044EACBC7000186BBF235973 /* Pods-filmLibrary.release.xcconfig */ = {isa = PBXFileReference; includeInIndex = 1; lastKnownFileType = text.xcconfig; name = "Pods-filmLibrary.release.xcconfig"; path = "Target Support Files/Pods-filmLibrary/Pods-filmLibrary.release.xcconfig"; sourceTree = "<group>"; };
		2513C54A2969DB6500985A30 /* Router.swift */ = {isa = PBXFileReference; lastKnownFileType = sourcecode.swift; path = Router.swift; sourceTree = "<group>"; };
		2513C54E2969E6D300985A30 /* MovieDetailPresenter.swift */ = {isa = PBXFileReference; lastKnownFileType = sourcecode.swift; path = MovieDetailPresenter.swift; sourceTree = "<group>"; };
		257E35A029672F0100E89695 /* filmLibrary.app */ = {isa = PBXFileReference; explicitFileType = wrapper.application; includeInIndex = 0; path = filmLibrary.app; sourceTree = BUILT_PRODUCTS_DIR; };
		257E35A329672F0100E89695 /* AppDelegate.swift */ = {isa = PBXFileReference; lastKnownFileType = sourcecode.swift; path = AppDelegate.swift; sourceTree = "<group>"; };
		257E35A529672F0100E89695 /* SceneDelegate.swift */ = {isa = PBXFileReference; lastKnownFileType = sourcecode.swift; path = SceneDelegate.swift; sourceTree = "<group>"; };
		257E35A729672F0100E89695 /* PopularMoviesViewController.swift */ = {isa = PBXFileReference; lastKnownFileType = sourcecode.swift; path = PopularMoviesViewController.swift; sourceTree = "<group>"; };
		257E35AC29672F0300E89695 /* Assets.xcassets */ = {isa = PBXFileReference; lastKnownFileType = folder.assetcatalog; path = Assets.xcassets; sourceTree = "<group>"; };
		257E35AF29672F0300E89695 /* Base */ = {isa = PBXFileReference; lastKnownFileType = file.storyboard; name = Base; path = Base.lproj/LaunchScreen.storyboard; sourceTree = "<group>"; };
		257E35B129672F0300E89695 /* Info.plist */ = {isa = PBXFileReference; lastKnownFileType = text.plist.xml; path = Info.plist; sourceTree = "<group>"; };
		257E35B629672F0300E89695 /* filmLibraryTests.xctest */ = {isa = PBXFileReference; explicitFileType = wrapper.cfbundle; includeInIndex = 0; path = filmLibraryTests.xctest; sourceTree = BUILT_PRODUCTS_DIR; };
		257E35BA29672F0300E89695 /* ApiClientTests.swift */ = {isa = PBXFileReference; lastKnownFileType = sourcecode.swift; path = ApiClientTests.swift; sourceTree = "<group>"; };
		257E35C029672F0300E89695 /* filmLibraryUITests.xctest */ = {isa = PBXFileReference; explicitFileType = wrapper.cfbundle; includeInIndex = 0; path = filmLibraryUITests.xctest; sourceTree = BUILT_PRODUCTS_DIR; };
		257E35C429672F0300E89695 /* filmLibraryUITests.swift */ = {isa = PBXFileReference; lastKnownFileType = sourcecode.swift; path = filmLibraryUITests.swift; sourceTree = "<group>"; };
		257E35C629672F0300E89695 /* filmLibraryUITestsLaunchTests.swift */ = {isa = PBXFileReference; lastKnownFileType = sourcecode.swift; path = filmLibraryUITestsLaunchTests.swift; sourceTree = "<group>"; };
		257E35D82967393B00E89695 /* ApiClient.swift */ = {isa = PBXFileReference; lastKnownFileType = sourcecode.swift; path = ApiClient.swift; sourceTree = "<group>"; };
		25AA67AD29673AFA00F5989F /* Constants.swift */ = {isa = PBXFileReference; lastKnownFileType = sourcecode.swift; path = Constants.swift; sourceTree = "<group>"; };
		25AA67AF29673EFC00F5989F /* Movie.swift */ = {isa = PBXFileReference; lastKnownFileType = sourcecode.swift; path = Movie.swift; sourceTree = "<group>"; };
		25AA67B129674B1400F5989F /* ServiceCoordinator.swift */ = {isa = PBXFileReference; lastKnownFileType = sourcecode.swift; path = ServiceCoordinator.swift; sourceTree = "<group>"; };
		25AA67B329674BCA00F5989F /* PopularMoviesPresenter.swift */ = {isa = PBXFileReference; lastKnownFileType = sourcecode.swift; path = PopularMoviesPresenter.swift; sourceTree = "<group>"; };
		25AA67B52967724B00F5989F /* MovieCollectionViewCell.swift */ = {isa = PBXFileReference; lastKnownFileType = sourcecode.swift; path = MovieCollectionViewCell.swift; sourceTree = "<group>"; };
		25AA67B62967724B00F5989F /* MovieCollectionViewCell.xib */ = {isa = PBXFileReference; lastKnownFileType = file.xib; path = MovieCollectionViewCell.xib; sourceTree = "<group>"; };
		25AA67BB2967825A00F5989F /* MovieDetailViewController.swift */ = {isa = PBXFileReference; lastKnownFileType = sourcecode.swift; path = MovieDetailViewController.swift; sourceTree = "<group>"; };
		25BA22FE2969ECC300B1671A /* ImageView.swift */ = {isa = PBXFileReference; lastKnownFileType = sourcecode.swift; path = ImageView.swift; sourceTree = "<group>"; };
		25BA23002969ECEE00B1671A /* CollectionView.swift */ = {isa = PBXFileReference; lastKnownFileType = sourcecode.swift; path = CollectionView.swift; sourceTree = "<group>"; };
		25BA2303296A08D300B1671A /* ActorCollectionViewCell.swift */ = {isa = PBXFileReference; lastKnownFileType = sourcecode.swift; path = ActorCollectionViewCell.swift; sourceTree = "<group>"; };
		25BA2304296A08D300B1671A /* ActorCollectionViewCell.xib */ = {isa = PBXFileReference; lastKnownFileType = file.xib; path = ActorCollectionViewCell.xib; sourceTree = "<group>"; };
		25BA2308296A0B1C00B1671A /* Actor.swift */ = {isa = PBXFileReference; lastKnownFileType = sourcecode.swift; path = Actor.swift; sourceTree = "<group>"; };
		25E0C0C32969D54C00F78BA7 /* PopularMoviesPresenterTests.swift */ = {isa = PBXFileReference; lastKnownFileType = sourcecode.swift; path = PopularMoviesPresenterTests.swift; sourceTree = "<group>"; };
		25E0C0C52969D95800F78BA7 /* CellViewModel.swift */ = {isa = PBXFileReference; lastKnownFileType = sourcecode.swift; path = CellViewModel.swift; sourceTree = "<group>"; };
		68F4F14C27B7E06076EEBEDA /* Pods_filmLibrary.framework */ = {isa = PBXFileReference; explicitFileType = wrapper.framework; includeInIndex = 0; path = Pods_filmLibrary.framework; sourceTree = BUILT_PRODUCTS_DIR; };
		BA0C007F0D5D100F8F05159A /* Pods-filmLibrary.debug.xcconfig */ = {isa = PBXFileReference; includeInIndex = 1; lastKnownFileType = text.xcconfig; name = "Pods-filmLibrary.debug.xcconfig"; path = "Target Support Files/Pods-filmLibrary/Pods-filmLibrary.debug.xcconfig"; sourceTree = "<group>"; };
/* End PBXFileReference section */

/* Begin PBXFrameworksBuildPhase section */
		257E359D29672F0100E89695 /* Frameworks */ = {
			isa = PBXFrameworksBuildPhase;
			buildActionMask = 2147483647;
			files = (
				278CE19C278FB8C6EF652A17 /* Pods_filmLibrary.framework in Frameworks */,
			);
			runOnlyForDeploymentPostprocessing = 0;
		};
		257E35B329672F0300E89695 /* Frameworks */ = {
			isa = PBXFrameworksBuildPhase;
			buildActionMask = 2147483647;
			files = (
			);
			runOnlyForDeploymentPostprocessing = 0;
		};
		257E35BD29672F0300E89695 /* Frameworks */ = {
			isa = PBXFrameworksBuildPhase;
			buildActionMask = 2147483647;
			files = (
			);
			runOnlyForDeploymentPostprocessing = 0;
		};
/* End PBXFrameworksBuildPhase section */

/* Begin PBXGroup section */
		0A917BBE4BF4BC07A01E4CCB /* Pods */ = {
			isa = PBXGroup;
			children = (
				BA0C007F0D5D100F8F05159A /* Pods-filmLibrary.debug.xcconfig */,
				044EACBC7000186BBF235973 /* Pods-filmLibrary.release.xcconfig */,
			);
			path = Pods;
			sourceTree = "<group>";
		};
		2513C5492969DB5400985A30 /* Router */ = {
			isa = PBXGroup;
			children = (
				2513C54A2969DB6500985A30 /* Router.swift */,
			);
			path = Router;
			sourceTree = "<group>";
		};
		2513C54C2969E6B600985A30 /* View */ = {
			isa = PBXGroup;
			children = (
				25BA2302296A08AF00B1671A /* ActorCell */,
				25AA67BB2967825A00F5989F /* MovieDetailViewController.swift */,
			);
			path = View;
			sourceTree = "<group>";
		};
		2513C54D2969E6BB00985A30 /* Presenter */ = {
			isa = PBXGroup;
			children = (
				2513C54E2969E6D300985A30 /* MovieDetailPresenter.swift */,
			);
			path = Presenter;
			sourceTree = "<group>";
		};
		257E359729672F0100E89695 = {
			isa = PBXGroup;
			children = (
				257E35A229672F0100E89695 /* filmLibrary */,
				257E35B929672F0300E89695 /* filmLibraryTests */,
				257E35C329672F0300E89695 /* filmLibraryUITests */,
				257E35A129672F0100E89695 /* Products */,
				0A917BBE4BF4BC07A01E4CCB /* Pods */,
				BDB562EF2A5D0C69F04599F1 /* Frameworks */,
			);
			sourceTree = "<group>";
		};
		257E35A129672F0100E89695 /* Products */ = {
			isa = PBXGroup;
			children = (
				257E35A029672F0100E89695 /* filmLibrary.app */,
				257E35B629672F0300E89695 /* filmLibraryTests.xctest */,
				257E35C029672F0300E89695 /* filmLibraryUITests.xctest */,
			);
			name = Products;
			sourceTree = "<group>";
		};
		257E35A229672F0100E89695 /* filmLibrary */ = {
			isa = PBXGroup;
			children = (
				25BA22FD2969ECB500B1671A /* Extensions */,
				257E35DA2967398100E89695 /* Sources */,
				257E35D72967392700E89695 /* Services */,
				257E35D42967390400E89695 /* Model */,
				25AA67AC29673A8E00F5989F /* PopularMoviesModule */,
				25AA67BA2967823100F5989F /* Detail Screen Module */,
			);
			path = filmLibrary;
			sourceTree = "<group>";
		};
		257E35B929672F0300E89695 /* filmLibraryTests */ = {
			isa = PBXGroup;
			children = (
				257E35BA29672F0300E89695 /* ApiClientTests.swift */,
				25AA67BD2967827B00F5989F /* PopularMoviesModule */,
			);
			path = filmLibraryTests;
			sourceTree = "<group>";
		};
		257E35C329672F0300E89695 /* filmLibraryUITests */ = {
			isa = PBXGroup;
			children = (
				257E35C429672F0300E89695 /* filmLibraryUITests.swift */,
				257E35C629672F0300E89695 /* filmLibraryUITestsLaunchTests.swift */,
			);
			path = filmLibraryUITests;
			sourceTree = "<group>";
		};
		257E35D42967390400E89695 /* Model */ = {
			isa = PBXGroup;
			children = (
				25AA67AF29673EFC00F5989F /* Movie.swift */,
				25E0C0C52969D95800F78BA7 /* CellViewModel.swift */,
			);
			path = Model;
			sourceTree = "<group>";
		};
		257E35D52967390B00E89695 /* View */ = {
			isa = PBXGroup;
			children = (
				25AA67B92967724F00F5989F /* MovieCell */,
				257E35A729672F0100E89695 /* PopularMoviesViewController.swift */,
			);
			path = View;
			sourceTree = "<group>";
		};
		257E35D62967391200E89695 /* Presenter */ = {
			isa = PBXGroup;
			children = (
				25AA67B329674BCA00F5989F /* PopularMoviesPresenter.swift */,
			);
			path = Presenter;
			sourceTree = "<group>";
		};
		257E35D72967392700E89695 /* Services */ = {
			isa = PBXGroup;
			children = (
				257E35D82967393B00E89695 /* ApiClient.swift */,
				25AA67B129674B1400F5989F /* ServiceCoordinator.swift */,
			);
			path = Services;
			sourceTree = "<group>";
		};
		257E35DA2967398100E89695 /* Sources */ = {
			isa = PBXGroup;
			children = (
				257E35A329672F0100E89695 /* AppDelegate.swift */,
				257E35A529672F0100E89695 /* SceneDelegate.swift */,
				257E35AC29672F0300E89695 /* Assets.xcassets */,
				257E35AE29672F0300E89695 /* LaunchScreen.storyboard */,
				257E35B129672F0300E89695 /* Info.plist */,
				25AA67AD29673AFA00F5989F /* Constants.swift */,
			);
			path = Sources;
			sourceTree = "<group>";
		};
		25AA67AC29673A8E00F5989F /* PopularMoviesModule */ = {
			isa = PBXGroup;
			children = (
				257E35D52967390B00E89695 /* View */,
				257E35D62967391200E89695 /* Presenter */,
				2513C5492969DB5400985A30 /* Router */,
			);
			path = PopularMoviesModule;
			sourceTree = "<group>";
		};
		25AA67B92967724F00F5989F /* MovieCell */ = {
			isa = PBXGroup;
			children = (
				25AA67B52967724B00F5989F /* MovieCollectionViewCell.swift */,
				25AA67B62967724B00F5989F /* MovieCollectionViewCell.xib */,
			);
			path = MovieCell;
			sourceTree = "<group>";
		};
		25AA67BA2967823100F5989F /* Detail Screen Module */ = {
			isa = PBXGroup;
			children = (
				25BA2307296A0B1300B1671A /* Model */,
				2513C54C2969E6B600985A30 /* View */,
				2513C54D2969E6BB00985A30 /* Presenter */,
			);
			path = "Detail Screen Module";
			sourceTree = "<group>";
		};
		25AA67BD2967827B00F5989F /* PopularMoviesModule */ = {
			isa = PBXGroup;
			children = (
				25E0C0C32969D54C00F78BA7 /* PopularMoviesPresenterTests.swift */,
			);
			path = PopularMoviesModule;
			sourceTree = "<group>";
		};
		25BA22FD2969ECB500B1671A /* Extensions */ = {
			isa = PBXGroup;
			children = (
				25BA22FE2969ECC300B1671A /* ImageView.swift */,
				25BA23002969ECEE00B1671A /* CollectionView.swift */,
			);
			path = Extensions;
			sourceTree = "<group>";
		};
		25BA2302296A08AF00B1671A /* ActorCell */ = {
			isa = PBXGroup;
			children = (
				25BA2303296A08D300B1671A /* ActorCollectionViewCell.swift */,
				25BA2304296A08D300B1671A /* ActorCollectionViewCell.xib */,
			);
			path = ActorCell;
			sourceTree = "<group>";
		};
		25BA2307296A0B1300B1671A /* Model */ = {
			isa = PBXGroup;
			children = (
				25BA2308296A0B1C00B1671A /* Actor.swift */,
			);
			path = Model;
			sourceTree = "<group>";
		};
		BDB562EF2A5D0C69F04599F1 /* Frameworks */ = {
			isa = PBXGroup;
			children = (
				68F4F14C27B7E06076EEBEDA /* Pods_filmLibrary.framework */,
			);
			name = Frameworks;
			sourceTree = "<group>";
		};
/* End PBXGroup section */

/* Begin PBXNativeTarget section */
		257E359F29672F0100E89695 /* filmLibrary */ = {
			isa = PBXNativeTarget;
			buildConfigurationList = 257E35CA29672F0300E89695 /* Build configuration list for PBXNativeTarget "filmLibrary" */;
			buildPhases = (
				D0538421DFB80DBD8E6D543F /* [CP] Check Pods Manifest.lock */,
				257E35D3296730C600E89695 /* ShellScript */,
				257E359C29672F0100E89695 /* Sources */,
				257E359D29672F0100E89695 /* Frameworks */,
				257E359E29672F0100E89695 /* Resources */,
				4E6EE8FCA872EB5D5E63CD69 /* [CP] Embed Pods Frameworks */,
			);
			buildRules = (
			);
			dependencies = (
			);
			name = filmLibrary;
			productName = filmLibrary;
			productReference = 257E35A029672F0100E89695 /* filmLibrary.app */;
			productType = "com.apple.product-type.application";
		};
		257E35B529672F0300E89695 /* filmLibraryTests */ = {
			isa = PBXNativeTarget;
			buildConfigurationList = 257E35CD29672F0300E89695 /* Build configuration list for PBXNativeTarget "filmLibraryTests" */;
			buildPhases = (
				257E35B229672F0300E89695 /* Sources */,
				257E35B329672F0300E89695 /* Frameworks */,
				257E35B429672F0300E89695 /* Resources */,
			);
			buildRules = (
			);
			dependencies = (
				257E35B829672F0300E89695 /* PBXTargetDependency */,
			);
			name = filmLibraryTests;
			productName = filmLibraryTests;
			productReference = 257E35B629672F0300E89695 /* filmLibraryTests.xctest */;
			productType = "com.apple.product-type.bundle.unit-test";
		};
		257E35BF29672F0300E89695 /* filmLibraryUITests */ = {
			isa = PBXNativeTarget;
			buildConfigurationList = 257E35D029672F0300E89695 /* Build configuration list for PBXNativeTarget "filmLibraryUITests" */;
			buildPhases = (
				257E35BC29672F0300E89695 /* Sources */,
				257E35BD29672F0300E89695 /* Frameworks */,
				257E35BE29672F0300E89695 /* Resources */,
			);
			buildRules = (
			);
			dependencies = (
				257E35C229672F0300E89695 /* PBXTargetDependency */,
			);
			name = filmLibraryUITests;
			productName = filmLibraryUITests;
			productReference = 257E35C029672F0300E89695 /* filmLibraryUITests.xctest */;
			productType = "com.apple.product-type.bundle.ui-testing";
		};
/* End PBXNativeTarget section */

/* Begin PBXProject section */
		257E359829672F0100E89695 /* Project object */ = {
			isa = PBXProject;
			attributes = {
				BuildIndependentTargetsInParallel = 1;
				LastSwiftUpdateCheck = 1410;
				LastUpgradeCheck = 1410;
				TargetAttributes = {
					257E359F29672F0100E89695 = {
						CreatedOnToolsVersion = 14.1;
					};
					257E35B529672F0300E89695 = {
						CreatedOnToolsVersion = 14.1;
						TestTargetID = 257E359F29672F0100E89695;
					};
					257E35BF29672F0300E89695 = {
						CreatedOnToolsVersion = 14.1;
						TestTargetID = 257E359F29672F0100E89695;
					};
				};
			};
			buildConfigurationList = 257E359B29672F0100E89695 /* Build configuration list for PBXProject "filmLibrary" */;
			compatibilityVersion = "Xcode 14.0";
			developmentRegion = en;
			hasScannedForEncodings = 0;
			knownRegions = (
				en,
				Base,
			);
			mainGroup = 257E359729672F0100E89695;
			productRefGroup = 257E35A129672F0100E89695 /* Products */;
			projectDirPath = "";
			projectRoot = "";
			targets = (
				257E359F29672F0100E89695 /* filmLibrary */,
				257E35B529672F0300E89695 /* filmLibraryTests */,
				257E35BF29672F0300E89695 /* filmLibraryUITests */,
			);
		};
/* End PBXProject section */

/* Begin PBXResourcesBuildPhase section */
		257E359E29672F0100E89695 /* Resources */ = {
			isa = PBXResourcesBuildPhase;
			buildActionMask = 2147483647;
			files = (
				25BA2306296A08D300B1671A /* ActorCollectionViewCell.xib in Resources */,
				257E35B029672F0300E89695 /* LaunchScreen.storyboard in Resources */,
				257E35AD29672F0300E89695 /* Assets.xcassets in Resources */,
				25AA67B82967724B00F5989F /* MovieCollectionViewCell.xib in Resources */,
			);
			runOnlyForDeploymentPostprocessing = 0;
		};
		257E35B429672F0300E89695 /* Resources */ = {
			isa = PBXResourcesBuildPhase;
			buildActionMask = 2147483647;
			files = (
			);
			runOnlyForDeploymentPostprocessing = 0;
		};
		257E35BE29672F0300E89695 /* Resources */ = {
			isa = PBXResourcesBuildPhase;
			buildActionMask = 2147483647;
			files = (
			);
			runOnlyForDeploymentPostprocessing = 0;
		};
/* End PBXResourcesBuildPhase section */

/* Begin PBXShellScriptBuildPhase section */
		257E35D3296730C600E89695 /* ShellScript */ = {
			isa = PBXShellScriptBuildPhase;
			alwaysOutOfDate = 1;
			buildActionMask = 2147483647;
			files = (
			);
			inputFileListPaths = (
			);
			inputPaths = (
			);
			outputFileListPaths = (
			);
			outputPaths = (
			);
			runOnlyForDeploymentPostprocessing = 0;
			shellPath = /bin/sh;
			shellScript = "# Type a script or drag a script file from your workspace to insert its path.\n\"${PODS_ROOT}/SwiftLint/swiftlint\"\n";
		};
		4E6EE8FCA872EB5D5E63CD69 /* [CP] Embed Pods Frameworks */ = {
			isa = PBXShellScriptBuildPhase;
			buildActionMask = 2147483647;
			files = (
			);
			inputFileListPaths = (
				"${PODS_ROOT}/Target Support Files/Pods-filmLibrary/Pods-filmLibrary-frameworks-${CONFIGURATION}-input-files.xcfilelist",
			);
			name = "[CP] Embed Pods Frameworks";
			outputFileListPaths = (
				"${PODS_ROOT}/Target Support Files/Pods-filmLibrary/Pods-filmLibrary-frameworks-${CONFIGURATION}-output-files.xcfilelist",
			);
			runOnlyForDeploymentPostprocessing = 0;
			shellPath = /bin/sh;
			shellScript = "\"${PODS_ROOT}/Target Support Files/Pods-filmLibrary/Pods-filmLibrary-frameworks.sh\"\n";
			showEnvVarsInLog = 0;
		};
		D0538421DFB80DBD8E6D543F /* [CP] Check Pods Manifest.lock */ = {
			isa = PBXShellScriptBuildPhase;
			buildActionMask = 2147483647;
			files = (
			);
			inputFileListPaths = (
			);
			inputPaths = (
				"${PODS_PODFILE_DIR_PATH}/Podfile.lock",
				"${PODS_ROOT}/Manifest.lock",
			);
			name = "[CP] Check Pods Manifest.lock";
			outputFileListPaths = (
			);
			outputPaths = (
				"$(DERIVED_FILE_DIR)/Pods-filmLibrary-checkManifestLockResult.txt",
			);
			runOnlyForDeploymentPostprocessing = 0;
			shellPath = /bin/sh;
			shellScript = "diff \"${PODS_PODFILE_DIR_PATH}/Podfile.lock\" \"${PODS_ROOT}/Manifest.lock\" > /dev/null\nif [ $? != 0 ] ; then\n    # print error to STDERR\n    echo \"error: The sandbox is not in sync with the Podfile.lock. Run 'pod install' or update your CocoaPods installation.\" >&2\n    exit 1\nfi\n# This output is used by Xcode 'outputs' to avoid re-running this script phase.\necho \"SUCCESS\" > \"${SCRIPT_OUTPUT_FILE_0}\"\n";
			showEnvVarsInLog = 0;
		};
/* End PBXShellScriptBuildPhase section */

/* Begin PBXSourcesBuildPhase section */
		257E359C29672F0100E89695 /* Sources */ = {
			isa = PBXSourcesBuildPhase;
			buildActionMask = 2147483647;
			files = (
				25AA67AE29673AFA00F5989F /* Constants.swift in Sources */,
				25AA67B429674BCA00F5989F /* PopularMoviesPresenter.swift in Sources */,
				25E0C0C62969D95800F78BA7 /* CellViewModel.swift in Sources */,
				257E35A829672F0100E89695 /* PopularMoviesViewController.swift in Sources */,
				2513C54B2969DB6500985A30 /* Router.swift in Sources */,
				25BA2309296A0B1C00B1671A /* Actor.swift in Sources */,
				25AA67B029673EFC00F5989F /* Movie.swift in Sources */,
				25BA23012969ECEE00B1671A /* CollectionView.swift in Sources */,
				257E35A429672F0100E89695 /* AppDelegate.swift in Sources */,
				25BA2305296A08D300B1671A /* ActorCollectionViewCell.swift in Sources */,
				25AA67B229674B1400F5989F /* ServiceCoordinator.swift in Sources */,
				25AA67B72967724B00F5989F /* MovieCollectionViewCell.swift in Sources */,
				25AA67BC2967825A00F5989F /* MovieDetailViewController.swift in Sources */,
				2513C54F2969E6D300985A30 /* MovieDetailPresenter.swift in Sources */,
				257E35A629672F0100E89695 /* SceneDelegate.swift in Sources */,
				25BA22FF2969ECC300B1671A /* ImageView.swift in Sources */,
				257E35D92967393B00E89695 /* ApiClient.swift in Sources */,
			);
			runOnlyForDeploymentPostprocessing = 0;
		};
		257E35B229672F0300E89695 /* Sources */ = {
			isa = PBXSourcesBuildPhase;
			buildActionMask = 2147483647;
			files = (
				257E35BB29672F0300E89695 /* ApiClientTests.swift in Sources */,
				25E0C0C42969D54C00F78BA7 /* PopularMoviesPresenterTests.swift in Sources */,
			);
			runOnlyForDeploymentPostprocessing = 0;
		};
		257E35BC29672F0300E89695 /* Sources */ = {
			isa = PBXSourcesBuildPhase;
			buildActionMask = 2147483647;
			files = (
				257E35C729672F0300E89695 /* filmLibraryUITestsLaunchTests.swift in Sources */,
				257E35C529672F0300E89695 /* filmLibraryUITests.swift in Sources */,
			);
			runOnlyForDeploymentPostprocessing = 0;
		};
/* End PBXSourcesBuildPhase section */

/* Begin PBXTargetDependency section */
		257E35B829672F0300E89695 /* PBXTargetDependency */ = {
			isa = PBXTargetDependency;
			target = 257E359F29672F0100E89695 /* filmLibrary */;
			targetProxy = 257E35B729672F0300E89695 /* PBXContainerItemProxy */;
		};
		257E35C229672F0300E89695 /* PBXTargetDependency */ = {
			isa = PBXTargetDependency;
			target = 257E359F29672F0100E89695 /* filmLibrary */;
			targetProxy = 257E35C129672F0300E89695 /* PBXContainerItemProxy */;
		};
/* End PBXTargetDependency section */

/* Begin PBXVariantGroup section */
		257E35AE29672F0300E89695 /* LaunchScreen.storyboard */ = {
			isa = PBXVariantGroup;
			children = (
				257E35AF29672F0300E89695 /* Base */,
			);
			name = LaunchScreen.storyboard;
			sourceTree = "<group>";
		};
/* End PBXVariantGroup section */

/* Begin XCBuildConfiguration section */
		257E35C829672F0300E89695 /* Debug */ = {
			isa = XCBuildConfiguration;
			buildSettings = {
				ALWAYS_SEARCH_USER_PATHS = NO;
				CLANG_ANALYZER_NONNULL = YES;
				CLANG_ANALYZER_NUMBER_OBJECT_CONVERSION = YES_AGGRESSIVE;
				CLANG_CXX_LANGUAGE_STANDARD = "gnu++20";
				CLANG_ENABLE_MODULES = YES;
				CLANG_ENABLE_OBJC_ARC = YES;
				CLANG_ENABLE_OBJC_WEAK = YES;
				CLANG_WARN_BLOCK_CAPTURE_AUTORELEASING = YES;
				CLANG_WARN_BOOL_CONVERSION = YES;
				CLANG_WARN_COMMA = YES;
				CLANG_WARN_CONSTANT_CONVERSION = YES;
				CLANG_WARN_DEPRECATED_OBJC_IMPLEMENTATIONS = YES;
				CLANG_WARN_DIRECT_OBJC_ISA_USAGE = YES_ERROR;
				CLANG_WARN_DOCUMENTATION_COMMENTS = YES;
				CLANG_WARN_EMPTY_BODY = YES;
				CLANG_WARN_ENUM_CONVERSION = YES;
				CLANG_WARN_INFINITE_RECURSION = YES;
				CLANG_WARN_INT_CONVERSION = YES;
				CLANG_WARN_NON_LITERAL_NULL_CONVERSION = YES;
				CLANG_WARN_OBJC_IMPLICIT_RETAIN_SELF = YES;
				CLANG_WARN_OBJC_LITERAL_CONVERSION = YES;
				CLANG_WARN_OBJC_ROOT_CLASS = YES_ERROR;
				CLANG_WARN_QUOTED_INCLUDE_IN_FRAMEWORK_HEADER = YES;
				CLANG_WARN_RANGE_LOOP_ANALYSIS = YES;
				CLANG_WARN_STRICT_PROTOTYPES = YES;
				CLANG_WARN_SUSPICIOUS_MOVE = YES;
				CLANG_WARN_UNGUARDED_AVAILABILITY = YES_AGGRESSIVE;
				CLANG_WARN_UNREACHABLE_CODE = YES;
				CLANG_WARN__DUPLICATE_METHOD_MATCH = YES;
				COPY_PHASE_STRIP = NO;
				DEBUG_INFORMATION_FORMAT = dwarf;
				ENABLE_STRICT_OBJC_MSGSEND = YES;
				ENABLE_TESTABILITY = YES;
				GCC_C_LANGUAGE_STANDARD = gnu11;
				GCC_DYNAMIC_NO_PIC = NO;
				GCC_NO_COMMON_BLOCKS = YES;
				GCC_OPTIMIZATION_LEVEL = 0;
				GCC_PREPROCESSOR_DEFINITIONS = (
					"DEBUG=1",
					"$(inherited)",
				);
				GCC_WARN_64_TO_32_BIT_CONVERSION = YES;
				GCC_WARN_ABOUT_RETURN_TYPE = YES_ERROR;
				GCC_WARN_UNDECLARED_SELECTOR = YES;
				GCC_WARN_UNINITIALIZED_AUTOS = YES_AGGRESSIVE;
				GCC_WARN_UNUSED_FUNCTION = YES;
				GCC_WARN_UNUSED_VARIABLE = YES;
				IPHONEOS_DEPLOYMENT_TARGET = 16.1;
				MTL_ENABLE_DEBUG_INFO = INCLUDE_SOURCE;
				MTL_FAST_MATH = YES;
				ONLY_ACTIVE_ARCH = YES;
				SDKROOT = iphoneos;
				SWIFT_ACTIVE_COMPILATION_CONDITIONS = DEBUG;
				SWIFT_OPTIMIZATION_LEVEL = "-Onone";
			};
			name = Debug;
		};
		257E35C929672F0300E89695 /* Release */ = {
			isa = XCBuildConfiguration;
			buildSettings = {
				ALWAYS_SEARCH_USER_PATHS = NO;
				CLANG_ANALYZER_NONNULL = YES;
				CLANG_ANALYZER_NUMBER_OBJECT_CONVERSION = YES_AGGRESSIVE;
				CLANG_CXX_LANGUAGE_STANDARD = "gnu++20";
				CLANG_ENABLE_MODULES = YES;
				CLANG_ENABLE_OBJC_ARC = YES;
				CLANG_ENABLE_OBJC_WEAK = YES;
				CLANG_WARN_BLOCK_CAPTURE_AUTORELEASING = YES;
				CLANG_WARN_BOOL_CONVERSION = YES;
				CLANG_WARN_COMMA = YES;
				CLANG_WARN_CONSTANT_CONVERSION = YES;
				CLANG_WARN_DEPRECATED_OBJC_IMPLEMENTATIONS = YES;
				CLANG_WARN_DIRECT_OBJC_ISA_USAGE = YES_ERROR;
				CLANG_WARN_DOCUMENTATION_COMMENTS = YES;
				CLANG_WARN_EMPTY_BODY = YES;
				CLANG_WARN_ENUM_CONVERSION = YES;
				CLANG_WARN_INFINITE_RECURSION = YES;
				CLANG_WARN_INT_CONVERSION = YES;
				CLANG_WARN_NON_LITERAL_NULL_CONVERSION = YES;
				CLANG_WARN_OBJC_IMPLICIT_RETAIN_SELF = YES;
				CLANG_WARN_OBJC_LITERAL_CONVERSION = YES;
				CLANG_WARN_OBJC_ROOT_CLASS = YES_ERROR;
				CLANG_WARN_QUOTED_INCLUDE_IN_FRAMEWORK_HEADER = YES;
				CLANG_WARN_RANGE_LOOP_ANALYSIS = YES;
				CLANG_WARN_STRICT_PROTOTYPES = YES;
				CLANG_WARN_SUSPICIOUS_MOVE = YES;
				CLANG_WARN_UNGUARDED_AVAILABILITY = YES_AGGRESSIVE;
				CLANG_WARN_UNREACHABLE_CODE = YES;
				CLANG_WARN__DUPLICATE_METHOD_MATCH = YES;
				COPY_PHASE_STRIP = NO;
				DEBUG_INFORMATION_FORMAT = "dwarf-with-dsym";
				ENABLE_NS_ASSERTIONS = NO;
				ENABLE_STRICT_OBJC_MSGSEND = YES;
				GCC_C_LANGUAGE_STANDARD = gnu11;
				GCC_NO_COMMON_BLOCKS = YES;
				GCC_WARN_64_TO_32_BIT_CONVERSION = YES;
				GCC_WARN_ABOUT_RETURN_TYPE = YES_ERROR;
				GCC_WARN_UNDECLARED_SELECTOR = YES;
				GCC_WARN_UNINITIALIZED_AUTOS = YES_AGGRESSIVE;
				GCC_WARN_UNUSED_FUNCTION = YES;
				GCC_WARN_UNUSED_VARIABLE = YES;
				IPHONEOS_DEPLOYMENT_TARGET = 16.1;
				MTL_ENABLE_DEBUG_INFO = NO;
				MTL_FAST_MATH = YES;
				SDKROOT = iphoneos;
				SWIFT_COMPILATION_MODE = wholemodule;
				SWIFT_OPTIMIZATION_LEVEL = "-O";
				VALIDATE_PRODUCT = YES;
			};
			name = Release;
		};
		257E35CB29672F0300E89695 /* Debug */ = {
			isa = XCBuildConfiguration;
			baseConfigurationReference = BA0C007F0D5D100F8F05159A /* Pods-filmLibrary.debug.xcconfig */;
			buildSettings = {
				ASSETCATALOG_COMPILER_APPICON_NAME = AppIcon;
				ASSETCATALOG_COMPILER_GLOBAL_ACCENT_COLOR_NAME = AccentColor;
				CODE_SIGN_STYLE = Automatic;
				CURRENT_PROJECT_VERSION = 1;
				DEVELOPMENT_TEAM = F5BJS4MMJH;
				GENERATE_INFOPLIST_FILE = YES;
				INFOPLIST_FILE = filmLibrary/Sources/Info.plist;
				INFOPLIST_KEY_UIApplicationSupportsIndirectInputEvents = YES;
				INFOPLIST_KEY_UILaunchStoryboardName = LaunchScreen;
				INFOPLIST_KEY_UISupportedInterfaceOrientations = UIInterfaceOrientationPortrait;
				INFOPLIST_KEY_UISupportedInterfaceOrientations_iPad = "UIInterfaceOrientationLandscapeLeft UIInterfaceOrientationLandscapeRight UIInterfaceOrientationPortrait UIInterfaceOrientationPortraitUpsideDown";
				IPHONEOS_DEPLOYMENT_TARGET = 14.0;
				LD_RUNPATH_SEARCH_PATHS = (
					"$(inherited)",
					"@executable_path/Frameworks",
				);
				MARKETING_VERSION = 1.0;
				PRODUCT_BUNDLE_IDENTIFIER = davidtonoyan.filmLibrary;
				PRODUCT_NAME = "$(TARGET_NAME)";
				SUPPORTED_PLATFORMS = "iphoneos iphonesimulator";
				SUPPORTS_MACCATALYST = NO;
				SUPPORTS_MAC_DESIGNED_FOR_IPHONE_IPAD = NO;
				SWIFT_EMIT_LOC_STRINGS = YES;
				SWIFT_VERSION = 5.0;
				TARGETED_DEVICE_FAMILY = 1;
			};
			name = Debug;
		};
		257E35CC29672F0300E89695 /* Release */ = {
			isa = XCBuildConfiguration;
			baseConfigurationReference = 044EACBC7000186BBF235973 /* Pods-filmLibrary.release.xcconfig */;
			buildSettings = {
				ASSETCATALOG_COMPILER_APPICON_NAME = AppIcon;
				ASSETCATALOG_COMPILER_GLOBAL_ACCENT_COLOR_NAME = AccentColor;
				CODE_SIGN_STYLE = Automatic;
				CURRENT_PROJECT_VERSION = 1;
				DEVELOPMENT_TEAM = F5BJS4MMJH;
				GENERATE_INFOPLIST_FILE = YES;
				INFOPLIST_FILE = filmLibrary/Sources/Info.plist;
				INFOPLIST_KEY_UIApplicationSupportsIndirectInputEvents = YES;
				INFOPLIST_KEY_UILaunchStoryboardName = LaunchScreen;
				INFOPLIST_KEY_UISupportedInterfaceOrientations = UIInterfaceOrientationPortrait;
				INFOPLIST_KEY_UISupportedInterfaceOrientations_iPad = "UIInterfaceOrientationLandscapeLeft UIInterfaceOrientationLandscapeRight UIInterfaceOrientationPortrait UIInterfaceOrientationPortraitUpsideDown";
				IPHONEOS_DEPLOYMENT_TARGET = 14.0;
				LD_RUNPATH_SEARCH_PATHS = (
					"$(inherited)",
					"@executable_path/Frameworks",
				);
				MARKETING_VERSION = 1.0;
				PRODUCT_BUNDLE_IDENTIFIER = davidtonoyan.filmLibrary;
				PRODUCT_NAME = "$(TARGET_NAME)";
				SUPPORTED_PLATFORMS = "iphoneos iphonesimulator";
				SUPPORTS_MACCATALYST = NO;
				SUPPORTS_MAC_DESIGNED_FOR_IPHONE_IPAD = NO;
				SWIFT_EMIT_LOC_STRINGS = YES;
				SWIFT_VERSION = 5.0;
				TARGETED_DEVICE_FAMILY = 1;
			};
			name = Release;
		};
		257E35CE29672F0300E89695 /* Debug */ = {
			isa = XCBuildConfiguration;
			buildSettings = {
				ALWAYS_EMBED_SWIFT_STANDARD_LIBRARIES = YES;
				BUNDLE_LOADER = "$(TEST_HOST)";
				CODE_SIGN_STYLE = Automatic;
				CURRENT_PROJECT_VERSION = 1;
				DEVELOPMENT_TEAM = F5BJS4MMJH;
				GENERATE_INFOPLIST_FILE = YES;
				IPHONEOS_DEPLOYMENT_TARGET = 16.1;
				MARKETING_VERSION = 1.0;
				PRODUCT_BUNDLE_IDENTIFIER = davidtonoyan.filmLibraryTests;
				PRODUCT_NAME = "$(TARGET_NAME)";
				SWIFT_EMIT_LOC_STRINGS = NO;
				SWIFT_VERSION = 5.0;
				TARGETED_DEVICE_FAMILY = "1,2";
				TEST_HOST = "$(BUILT_PRODUCTS_DIR)/filmLibrary.app/$(BUNDLE_EXECUTABLE_FOLDER_PATH)/filmLibrary";
			};
			name = Debug;
		};
		257E35CF29672F0300E89695 /* Release */ = {
			isa = XCBuildConfiguration;
			buildSettings = {
				ALWAYS_EMBED_SWIFT_STANDARD_LIBRARIES = YES;
				BUNDLE_LOADER = "$(TEST_HOST)";
				CODE_SIGN_STYLE = Automatic;
				CURRENT_PROJECT_VERSION = 1;
				DEVELOPMENT_TEAM = F5BJS4MMJH;
				GENERATE_INFOPLIST_FILE = YES;
				IPHONEOS_DEPLOYMENT_TARGET = 16.1;
				MARKETING_VERSION = 1.0;
				PRODUCT_BUNDLE_IDENTIFIER = davidtonoyan.filmLibraryTests;
				PRODUCT_NAME = "$(TARGET_NAME)";
				SWIFT_EMIT_LOC_STRINGS = NO;
				SWIFT_VERSION = 5.0;
				TARGETED_DEVICE_FAMILY = "1,2";
				TEST_HOST = "$(BUILT_PRODUCTS_DIR)/filmLibrary.app/$(BUNDLE_EXECUTABLE_FOLDER_PATH)/filmLibrary";
			};
			name = Release;
		};
		257E35D129672F0300E89695 /* Debug */ = {
			isa = XCBuildConfiguration;
			buildSettings = {
				ALWAYS_EMBED_SWIFT_STANDARD_LIBRARIES = YES;
				CODE_SIGN_STYLE = Automatic;
				CURRENT_PROJECT_VERSION = 1;
				DEVELOPMENT_TEAM = F5BJS4MMJH;
				GENERATE_INFOPLIST_FILE = YES;
				MARKETING_VERSION = 1.0;
				PRODUCT_BUNDLE_IDENTIFIER = davidtonoyan.filmLibraryUITests;
				PRODUCT_NAME = "$(TARGET_NAME)";
				SWIFT_EMIT_LOC_STRINGS = NO;
				SWIFT_VERSION = 5.0;
				TARGETED_DEVICE_FAMILY = "1,2";
				TEST_TARGET_NAME = filmLibrary;
			};
			name = Debug;
		};
		257E35D229672F0300E89695 /* Release */ = {
			isa = XCBuildConfiguration;
			buildSettings = {
				ALWAYS_EMBED_SWIFT_STANDARD_LIBRARIES = YES;
				CODE_SIGN_STYLE = Automatic;
				CURRENT_PROJECT_VERSION = 1;
				DEVELOPMENT_TEAM = F5BJS4MMJH;
				GENERATE_INFOPLIST_FILE = YES;
				MARKETING_VERSION = 1.0;
				PRODUCT_BUNDLE_IDENTIFIER = davidtonoyan.filmLibraryUITests;
				PRODUCT_NAME = "$(TARGET_NAME)";
				SWIFT_EMIT_LOC_STRINGS = NO;
				SWIFT_VERSION = 5.0;
				TARGETED_DEVICE_FAMILY = "1,2";
				TEST_TARGET_NAME = filmLibrary;
			};
			name = Release;
		};
/* End XCBuildConfiguration section */

/* Begin XCConfigurationList section */
		257E359B29672F0100E89695 /* Build configuration list for PBXProject "filmLibrary" */ = {
			isa = XCConfigurationList;
			buildConfigurations = (
				257E35C829672F0300E89695 /* Debug */,
				257E35C929672F0300E89695 /* Release */,
			);
			defaultConfigurationIsVisible = 0;
			defaultConfigurationName = Release;
		};
		257E35CA29672F0300E89695 /* Build configuration list for PBXNativeTarget "filmLibrary" */ = {
			isa = XCConfigurationList;
			buildConfigurations = (
				257E35CB29672F0300E89695 /* Debug */,
				257E35CC29672F0300E89695 /* Release */,
			);
			defaultConfigurationIsVisible = 0;
			defaultConfigurationName = Release;
		};
		257E35CD29672F0300E89695 /* Build configuration list for PBXNativeTarget "filmLibraryTests" */ = {
			isa = XCConfigurationList;
			buildConfigurations = (
				257E35CE29672F0300E89695 /* Debug */,
				257E35CF29672F0300E89695 /* Release */,
			);
			defaultConfigurationIsVisible = 0;
			defaultConfigurationName = Release;
		};
		257E35D029672F0300E89695 /* Build configuration list for PBXNativeTarget "filmLibraryUITests" */ = {
			isa = XCConfigurationList;
			buildConfigurations = (
				257E35D129672F0300E89695 /* Debug */,
				257E35D229672F0300E89695 /* Release */,
			);
			defaultConfigurationIsVisible = 0;
			defaultConfigurationName = Release;
		};
/* End XCConfigurationList section */
	};
	rootObject = 257E359829672F0100E89695 /* Project object */;
}
